// !$*UTF8*$!
{
	archiveVersion = 1;
	classes = {
	};
	objectVersion = 55;
	objects = {

/* Begin PBXBuildFile section */
		B05D32FF22AB9423FAE0C959 /* Pods_Rate.framework in Frameworks */ = {isa = PBXBuildFile; fileRef = 24A3CDEA4E960B0869B65CC9 /* Pods_Rate.framework */; };
		D20F48F8279137450088A4FA /* HelperRequest.swift in Sources */ = {isa = PBXBuildFile; fileRef = D20F48F7279137450088A4FA /* HelperRequest.swift */; };
		D20F48FA27913B720088A4FA /* InfoCountryElement.swift in Sources */ = {isa = PBXBuildFile; fileRef = D20F48F927913B720088A4FA /* InfoCountryElement.swift */; };
		D23E2A0627822CE700FB5133 /* AppDelegate.swift in Sources */ = {isa = PBXBuildFile; fileRef = D23E2A0527822CE700FB5133 /* AppDelegate.swift */; };
		D23E2A0827822CE700FB5133 /* SceneDelegate.swift in Sources */ = {isa = PBXBuildFile; fileRef = D23E2A0727822CE700FB5133 /* SceneDelegate.swift */; };
		D23E2A0A27822CE700FB5133 /* ViewController.swift in Sources */ = {isa = PBXBuildFile; fileRef = D23E2A0927822CE700FB5133 /* ViewController.swift */; };
		D23E2A0F27822CE800FB5133 /* Assets.xcassets in Resources */ = {isa = PBXBuildFile; fileRef = D23E2A0E27822CE800FB5133 /* Assets.xcassets */; };
		D23E2A1227822CE800FB5133 /* LaunchScreen.storyboard in Resources */ = {isa = PBXBuildFile; fileRef = D23E2A1027822CE800FB5133 /* LaunchScreen.storyboard */; };
		D291371E279335AE002902F1 /* DetailViewController.swift in Sources */ = {isa = PBXBuildFile; fileRef = D291371D279335AE002902F1 /* DetailViewController.swift */; };
		D291372027937B72002902F1 /* ImageContinent.swift in Sources */ = {isa = PBXBuildFile; fileRef = D291371F27937B72002902F1 /* ImageContinent.swift */; };
		D291374227961ADF002902F1 /* Conditions.swift in Sources */ = {isa = PBXBuildFile; fileRef = D291374127961ADF002902F1 /* Conditions.swift */; };
		D291374427961D2B002902F1 /* PreferenceViewElementDetailVC.swift in Sources */ = {isa = PBXBuildFile; fileRef = D291374327961D2B002902F1 /* PreferenceViewElementDetailVC.swift */; };
		D291374627961FB5002902F1 /* CreateElements.swift in Sources */ = {isa = PBXBuildFile; fileRef = D291374527961FB5002902F1 /* CreateElements.swift */; };
/* End PBXBuildFile section */

/* Begin PBXFileReference section */
		1D14EF4C665A82C7B999C11A /* Pods-Rate.release.xcconfig */ = {isa = PBXFileReference; includeInIndex = 1; lastKnownFileType = text.xcconfig; name = "Pods-Rate.release.xcconfig"; path = "Target Support Files/Pods-Rate/Pods-Rate.release.xcconfig"; sourceTree = "<group>"; };
		24A3CDEA4E960B0869B65CC9 /* Pods_Rate.framework */ = {isa = PBXFileReference; explicitFileType = wrapper.framework; includeInIndex = 0; path = Pods_Rate.framework; sourceTree = BUILT_PRODUCTS_DIR; };
		6AE3EBC0CE44E4FA81D0327F /* Pods-Rate.debug.xcconfig */ = {isa = PBXFileReference; includeInIndex = 1; lastKnownFileType = text.xcconfig; name = "Pods-Rate.debug.xcconfig"; path = "Target Support Files/Pods-Rate/Pods-Rate.debug.xcconfig"; sourceTree = "<group>"; };
		D20F48F7279137450088A4FA /* HelperRequest.swift */ = {isa = PBXFileReference; lastKnownFileType = sourcecode.swift; path = HelperRequest.swift; sourceTree = "<group>"; };
		D20F48F927913B720088A4FA /* InfoCountryElement.swift */ = {isa = PBXFileReference; lastKnownFileType = sourcecode.swift; path = InfoCountryElement.swift; sourceTree = "<group>"; };
		D23E2A0227822CE700FB5133 /* Rate.app */ = {isa = PBXFileReference; explicitFileType = wrapper.application; includeInIndex = 0; path = Rate.app; sourceTree = BUILT_PRODUCTS_DIR; };
		D23E2A0527822CE700FB5133 /* AppDelegate.swift */ = {isa = PBXFileReference; lastKnownFileType = sourcecode.swift; path = AppDelegate.swift; sourceTree = "<group>"; };
		D23E2A0727822CE700FB5133 /* SceneDelegate.swift */ = {isa = PBXFileReference; lastKnownFileType = sourcecode.swift; path = SceneDelegate.swift; sourceTree = "<group>"; };
		D23E2A0927822CE700FB5133 /* ViewController.swift */ = {isa = PBXFileReference; lastKnownFileType = sourcecode.swift; path = ViewController.swift; sourceTree = "<group>"; };
		D23E2A0E27822CE800FB5133 /* Assets.xcassets */ = {isa = PBXFileReference; lastKnownFileType = folder.assetcatalog; path = Assets.xcassets; sourceTree = "<group>"; };
		D23E2A1127822CE800FB5133 /* Base */ = {isa = PBXFileReference; lastKnownFileType = file.storyboard; name = Base; path = Base.lproj/LaunchScreen.storyboard; sourceTree = "<group>"; };
		D23E2A1327822CE800FB5133 /* Info.plist */ = {isa = PBXFileReference; lastKnownFileType = text.plist.xml; path = Info.plist; sourceTree = "<group>"; };
		D291371D279335AE002902F1 /* DetailViewController.swift */ = {isa = PBXFileReference; lastKnownFileType = sourcecode.swift; path = DetailViewController.swift; sourceTree = "<group>"; };
		D291371F27937B72002902F1 /* ImageContinent.swift */ = {isa = PBXFileReference; lastKnownFileType = sourcecode.swift; path = ImageContinent.swift; sourceTree = "<group>"; };
		D291374127961ADF002902F1 /* Conditions.swift */ = {isa = PBXFileReference; lastKnownFileType = sourcecode.swift; path = Conditions.swift; sourceTree = "<group>"; };
		D291374327961D2B002902F1 /* PreferenceViewElementDetailVC.swift */ = {isa = PBXFileReference; lastKnownFileType = sourcecode.swift; path = PreferenceViewElementDetailVC.swift; sourceTree = "<group>"; };
		D291374527961FB5002902F1 /* CreateElements.swift */ = {isa = PBXFileReference; lastKnownFileType = sourcecode.swift; path = CreateElements.swift; sourceTree = "<group>"; };
/* End PBXFileReference section */

/* Begin PBXFrameworksBuildPhase section */
		D23E29FF27822CE700FB5133 /* Frameworks */ = {
			isa = PBXFrameworksBuildPhase;
			buildActionMask = 2147483647;
			files = (
				B05D32FF22AB9423FAE0C959 /* Pods_Rate.framework in Frameworks */,
			);
			runOnlyForDeploymentPostprocessing = 0;
		};
/* End PBXFrameworksBuildPhase section */

/* Begin PBXGroup section */
		0B62674AD07EDFCE96D10A12 /* Frameworks */ = {
			isa = PBXGroup;
			children = (
				24A3CDEA4E960B0869B65CC9 /* Pods_Rate.framework */,
			);
			name = Frameworks;
			sourceTree = "<group>";
		};
		D23E29F927822CE700FB5133 = {
			isa = PBXGroup;
			children = (
				D23E2A0427822CE700FB5133 /* Rate */,
				D23E2A0327822CE700FB5133 /* Products */,
				F96BA2EEB90814BB9F8B1374 /* Pods */,
				0B62674AD07EDFCE96D10A12 /* Frameworks */,
			);
			sourceTree = "<group>";
		};
		D23E2A0327822CE700FB5133 /* Products */ = {
			isa = PBXGroup;
			children = (
				D23E2A0227822CE700FB5133 /* Rate.app */,
			);
			name = Products;
			sourceTree = "<group>";
		};
		D23E2A0427822CE700FB5133 /* Rate */ = {
			isa = PBXGroup;
			children = (
				D29137512796B02B002902F1 /* Helpers */,
				D291374C2796ADFF002902F1 /* Delegate */,
				D291374E2796AE26002902F1 /* Image */,
				D291374D2796AE0D002902F1 /* LaunchScreen */,
				D291374B2796ADEF002902F1 /* BaseModel */,
				D29137502796B002002902F1 /* Screen */,
				D23E2A1327822CE800FB5133 /* Info.plist */,
			);
			path = Rate;
			sourceTree = "<group>";
		};
		D291374727962072002902F1 /* DontUSE */ = {
			isa = PBXGroup;
			children = (
				D291374527961FB5002902F1 /* CreateElements.swift */,
				D291371F27937B72002902F1 /* ImageContinent.swift */,
			);
			path = DontUSE;
			sourceTree = "<group>";
		};
		D29137492796ADB0002902F1 /* FirstView */ = {
			isa = PBXGroup;
			children = (
				D23E2A0927822CE700FB5133 /* ViewController.swift */,
				D291374127961ADF002902F1 /* Conditions.swift */,
			);
			name = FirstView;
			path = ../..;
			sourceTree = "<group>";
		};
		D291374A2796ADBA002902F1 /* SecondView */ = {
			isa = PBXGroup;
			children = (
				D291374727962072002902F1 /* DontUSE */,
				D291374327961D2B002902F1 /* PreferenceViewElementDetailVC.swift */,
				D291371D279335AE002902F1 /* DetailViewController.swift */,
			);
			path = SecondView;
			sourceTree = "<group>";
		};
		D291374B2796ADEF002902F1 /* BaseModel */ = {
			isa = PBXGroup;
			children = (
				D20F48F927913B720088A4FA /* InfoCountryElement.swift */,
			);
			path = BaseModel;
			sourceTree = "<group>";
		};
		D291374C2796ADFF002902F1 /* Delegate */ = {
			isa = PBXGroup;
			children = (
				D23E2A0527822CE700FB5133 /* AppDelegate.swift */,
				D23E2A0727822CE700FB5133 /* SceneDelegate.swift */,
			);
			path = Delegate;
			sourceTree = "<group>";
		};
		D291374D2796AE0D002902F1 /* LaunchScreen */ = {
			isa = PBXGroup;
			children = (
				D23E2A1027822CE800FB5133 /* LaunchScreen.storyboard */,
			);
			path = LaunchScreen;
			sourceTree = "<group>";
		};
		D291374E2796AE26002902F1 /* Image */ = {
			isa = PBXGroup;
			children = (
				D23E2A0E27822CE800FB5133 /* Assets.xcassets */,
			);
			path = Image;
			sourceTree = "<group>";
		};
		D291374F2796AF81002902F1 /* HelperRequestCountry */ = {
			isa = PBXGroup;
			children = (
				D20F48F7279137450088A4FA /* HelperRequest.swift */,
			);
			name = HelperRequestCountry;
			path = ../..;
			sourceTree = "<group>";
		};
		D29137502796B002002902F1 /* Screen */ = {
			isa = PBXGroup;
			children = (
				D291374A2796ADBA002902F1 /* SecondView */,
				D29137492796ADB0002902F1 /* FirstView */,
			);
			path = Screen;
			sourceTree = "<group>";
		};
		D29137512796B02B002902F1 /* Helpers */ = {
			isa = PBXGroup;
			children = (
				D291374F2796AF81002902F1 /* HelperRequestCountry */,
			);
			path = Helpers;
			sourceTree = "<group>";
		};
		F96BA2EEB90814BB9F8B1374 /* Pods */ = {
			isa = PBXGroup;
			children = (
				6AE3EBC0CE44E4FA81D0327F /* Pods-Rate.debug.xcconfig */,
				1D14EF4C665A82C7B999C11A /* Pods-Rate.release.xcconfig */,
			);
			path = Pods;
			sourceTree = "<group>";
		};
/* End PBXGroup section */

/* Begin PBXNativeTarget section */
		D23E2A0127822CE700FB5133 /* Rate */ = {
			isa = PBXNativeTarget;
			buildConfigurationList = D23E2A1627822CE800FB5133 /* Build configuration list for PBXNativeTarget "Rate" */;
			buildPhases = (
				13C42A7826A4C7B302EFC8BE /* [CP] Check Pods Manifest.lock */,
				D23E29FE27822CE700FB5133 /* Sources */,
				D23E29FF27822CE700FB5133 /* Frameworks */,
				D23E2A0027822CE700FB5133 /* Resources */,
				A88E5B6F3F1B9B6DC09447BF /* [CP] Embed Pods Frameworks */,
			);
			buildRules = (
			);
			dependencies = (
			);
			name = Rate;
			productName = Rate;
			productReference = D23E2A0227822CE700FB5133 /* Rate.app */;
			productType = "com.apple.product-type.application";
		};
/* End PBXNativeTarget section */

/* Begin PBXProject section */
		D23E29FA27822CE700FB5133 /* Project object */ = {
			isa = PBXProject;
			attributes = {
				BuildIndependentTargetsInParallel = 1;
				LastSwiftUpdateCheck = 1310;
				LastUpgradeCheck = 1310;
				TargetAttributes = {
					D23E2A0127822CE700FB5133 = {
						CreatedOnToolsVersion = 13.1;
					};
				};
			};
			buildConfigurationList = D23E29FD27822CE700FB5133 /* Build configuration list for PBXProject "Rate" */;
			compatibilityVersion = "Xcode 13.0";
			developmentRegion = en;
			hasScannedForEncodings = 0;
			knownRegions = (
				en,
				Base,
			);
			mainGroup = D23E29F927822CE700FB5133;
			productRefGroup = D23E2A0327822CE700FB5133 /* Products */;
			projectDirPath = "";
			projectRoot = "";
			targets = (
				D23E2A0127822CE700FB5133 /* Rate */,
			);
		};
/* End PBXProject section */

/* Begin PBXResourcesBuildPhase section */
		D23E2A0027822CE700FB5133 /* Resources */ = {
			isa = PBXResourcesBuildPhase;
			buildActionMask = 2147483647;
			files = (
				D23E2A1227822CE800FB5133 /* LaunchScreen.storyboard in Resources */,
				D23E2A0F27822CE800FB5133 /* Assets.xcassets in Resources */,
			);
			runOnlyForDeploymentPostprocessing = 0;
		};
/* End PBXResourcesBuildPhase section */

/* Begin PBXShellScriptBuildPhase section */
		13C42A7826A4C7B302EFC8BE /* [CP] Check Pods Manifest.lock */ = {
			isa = PBXShellScriptBuildPhase;
			buildActionMask = 2147483647;
			files = (
			);
			inputFileListPaths = (
			);
			inputPaths = (
				"${PODS_PODFILE_DIR_PATH}/Podfile.lock",
				"${PODS_ROOT}/Manifest.lock",
			);
			name = "[CP] Check Pods Manifest.lock";
			outputFileListPaths = (
			);
			outputPaths = (
				"$(DERIVED_FILE_DIR)/Pods-Rate-checkManifestLockResult.txt",
			);
			runOnlyForDeploymentPostprocessing = 0;
			shellPath = /bin/sh;
			shellScript = "diff \"${PODS_PODFILE_DIR_PATH}/Podfile.lock\" \"${PODS_ROOT}/Manifest.lock\" > /dev/null\nif [ $? != 0 ] ; then\n    # print error to STDERR\n    echo \"error: The sandbox is not in sync with the Podfile.lock. Run 'pod install' or update your CocoaPods installation.\" >&2\n    exit 1\nfi\n# This output is used by Xcode 'outputs' to avoid re-running this script phase.\necho \"SUCCESS\" > \"${SCRIPT_OUTPUT_FILE_0}\"\n";
			showEnvVarsInLog = 0;
		};
		A88E5B6F3F1B9B6DC09447BF /* [CP] Embed Pods Frameworks */ = {
			isa = PBXShellScriptBuildPhase;
			buildActionMask = 2147483647;
			files = (
			);
			inputFileListPaths = (
				"${PODS_ROOT}/Target Support Files/Pods-Rate/Pods-Rate-frameworks-${CONFIGURATION}-input-files.xcfilelist",
			);
			name = "[CP] Embed Pods Frameworks";
			outputFileListPaths = (
				"${PODS_ROOT}/Target Support Files/Pods-Rate/Pods-Rate-frameworks-${CONFIGURATION}-output-files.xcfilelist",
			);
			runOnlyForDeploymentPostprocessing = 0;
			shellPath = /bin/sh;
			shellScript = "\"${PODS_ROOT}/Target Support Files/Pods-Rate/Pods-Rate-frameworks.sh\"\n";
			showEnvVarsInLog = 0;
		};
/* End PBXShellScriptBuildPhase section */

/* Begin PBXSourcesBuildPhase section */
		D23E29FE27822CE700FB5133 /* Sources */ = {
			isa = PBXSourcesBuildPhase;
			buildActionMask = 2147483647;
			files = (
				D291372027937B72002902F1 /* ImageContinent.swift in Sources */,
				D23E2A0A27822CE700FB5133 /* ViewController.swift in Sources */,
				D20F48FA27913B720088A4FA /* InfoCountryElement.swift in Sources */,
				D23E2A0627822CE700FB5133 /* AppDelegate.swift in Sources */,
				D291374627961FB5002902F1 /* CreateElements.swift in Sources */,
				D291371E279335AE002902F1 /* DetailViewController.swift in Sources */,
				D291374227961ADF002902F1 /* Conditions.swift in Sources */,
				D23E2A0827822CE700FB5133 /* SceneDelegate.swift in Sources */,
				D291374427961D2B002902F1 /* PreferenceViewElementDetailVC.swift in Sources */,
				D20F48F8279137450088A4FA /* HelperRequest.swift in Sources */,
			);
			runOnlyForDeploymentPostprocessing = 0;
		};
/* End PBXSourcesBuildPhase section */

/* Begin PBXVariantGroup section */
		D23E2A1027822CE800FB5133 /* LaunchScreen.storyboard */ = {
			isa = PBXVariantGroup;
			children = (
				D23E2A1127822CE800FB5133 /* Base */,
			);
			name = LaunchScreen.storyboard;
			sourceTree = "<group>";
		};
/* End PBXVariantGroup section */

/* Begin XCBuildConfiguration section */
		D23E2A1427822CE800FB5133 /* Debug */ = {
			isa = XCBuildConfiguration;
			buildSettings = {
				ALWAYS_SEARCH_USER_PATHS = NO;
				CLANG_ANALYZER_NONNULL = YES;
				CLANG_ANALYZER_NUMBER_OBJECT_CONVERSION = YES_AGGRESSIVE;
				CLANG_CXX_LANGUAGE_STANDARD = "gnu++17";
				CLANG_CXX_LIBRARY = "libc++";
				CLANG_ENABLE_MODULES = YES;
				CLANG_ENABLE_OBJC_ARC = YES;
				CLANG_ENABLE_OBJC_WEAK = YES;
				CLANG_WARN_BLOCK_CAPTURE_AUTORELEASING = YES;
				CLANG_WARN_BOOL_CONVERSION = YES;
				CLANG_WARN_COMMA = YES;
				CLANG_WARN_CONSTANT_CONVERSION = YES;
				CLANG_WARN_DEPRECATED_OBJC_IMPLEMENTATIONS = YES;
				CLANG_WARN_DIRECT_OBJC_ISA_USAGE = YES_ERROR;
				CLANG_WARN_DOCUMENTATION_COMMENTS = YES;
				CLANG_WARN_EMPTY_BODY = YES;
				CLANG_WARN_ENUM_CONVERSION = YES;
				CLANG_WARN_INFINITE_RECURSION = YES;
				CLANG_WARN_INT_CONVERSION = YES;
				CLANG_WARN_NON_LITERAL_NULL_CONVERSION = YES;
				CLANG_WARN_OBJC_IMPLICIT_RETAIN_SELF = YES;
				CLANG_WARN_OBJC_LITERAL_CONVERSION = YES;
				CLANG_WARN_OBJC_ROOT_CLASS = YES_ERROR;
				CLANG_WARN_QUOTED_INCLUDE_IN_FRAMEWORK_HEADER = YES;
				CLANG_WARN_RANGE_LOOP_ANALYSIS = YES;
				CLANG_WARN_STRICT_PROTOTYPES = YES;
				CLANG_WARN_SUSPICIOUS_MOVE = YES;
				CLANG_WARN_UNGUARDED_AVAILABILITY = YES_AGGRESSIVE;
				CLANG_WARN_UNREACHABLE_CODE = YES;
				CLANG_WARN__DUPLICATE_METHOD_MATCH = YES;
				COPY_PHASE_STRIP = NO;
				DEBUG_INFORMATION_FORMAT = dwarf;
				ENABLE_STRICT_OBJC_MSGSEND = YES;
				ENABLE_TESTABILITY = YES;
				GCC_C_LANGUAGE_STANDARD = gnu11;
				GCC_DYNAMIC_NO_PIC = NO;
				GCC_NO_COMMON_BLOCKS = YES;
				GCC_OPTIMIZATION_LEVEL = 0;
				GCC_PREPROCESSOR_DEFINITIONS = (
					"DEBUG=1",
					"$(inherited)",
				);
				GCC_WARN_64_TO_32_BIT_CONVERSION = YES;
				GCC_WARN_ABOUT_RETURN_TYPE = YES_ERROR;
				GCC_WARN_UNDECLARED_SELECTOR = YES;
				GCC_WARN_UNINITIALIZED_AUTOS = YES_AGGRESSIVE;
				GCC_WARN_UNUSED_FUNCTION = YES;
				GCC_WARN_UNUSED_VARIABLE = YES;
				IPHONEOS_DEPLOYMENT_TARGET = 15.0;
				MTL_ENABLE_DEBUG_INFO = INCLUDE_SOURCE;
				MTL_FAST_MATH = YES;
				ONLY_ACTIVE_ARCH = YES;
				SDKROOT = iphoneos;
				SWIFT_ACTIVE_COMPILATION_CONDITIONS = DEBUG;
				SWIFT_OPTIMIZATION_LEVEL = "-Onone";
			};
			name = Debug;
		};
		D23E2A1527822CE800FB5133 /* Release */ = {
			isa = XCBuildConfiguration;
			buildSettings = {
				ALWAYS_SEARCH_USER_PATHS = NO;
				CLANG_ANALYZER_NONNULL = YES;
				CLANG_ANALYZER_NUMBER_OBJECT_CONVERSION = YES_AGGRESSIVE;
				CLANG_CXX_LANGUAGE_STANDARD = "gnu++17";
				CLANG_CXX_LIBRARY = "libc++";
				CLANG_ENABLE_MODULES = YES;
				CLANG_ENABLE_OBJC_ARC = YES;
				CLANG_ENABLE_OBJC_WEAK = YES;
				CLANG_WARN_BLOCK_CAPTURE_AUTORELEASING = YES;
				CLANG_WARN_BOOL_CONVERSION = YES;
				CLANG_WARN_COMMA = YES;
				CLANG_WARN_CONSTANT_CONVERSION = YES;
				CLANG_WARN_DEPRECATED_OBJC_IMPLEMENTATIONS = YES;
				CLANG_WARN_DIRECT_OBJC_ISA_USAGE = YES_ERROR;
				CLANG_WARN_DOCUMENTATION_COMMENTS = YES;
				CLANG_WARN_EMPTY_BODY = YES;
				CLANG_WARN_ENUM_CONVERSION = YES;
				CLANG_WARN_INFINITE_RECURSION = YES;
				CLANG_WARN_INT_CONVERSION = YES;
				CLANG_WARN_NON_LITERAL_NULL_CONVERSION = YES;
				CLANG_WARN_OBJC_IMPLICIT_RETAIN_SELF = YES;
				CLANG_WARN_OBJC_LITERAL_CONVERSION = YES;
				CLANG_WARN_OBJC_ROOT_CLASS = YES_ERROR;
				CLANG_WARN_QUOTED_INCLUDE_IN_FRAMEWORK_HEADER = YES;
				CLANG_WARN_RANGE_LOOP_ANALYSIS = YES;
				CLANG_WARN_STRICT_PROTOTYPES = YES;
				CLANG_WARN_SUSPICIOUS_MOVE = YES;
				CLANG_WARN_UNGUARDED_AVAILABILITY = YES_AGGRESSIVE;
				CLANG_WARN_UNREACHABLE_CODE = YES;
				CLANG_WARN__DUPLICATE_METHOD_MATCH = YES;
				COPY_PHASE_STRIP = NO;
				DEBUG_INFORMATION_FORMAT = "dwarf-with-dsym";
				ENABLE_NS_ASSERTIONS = NO;
				ENABLE_STRICT_OBJC_MSGSEND = YES;
				GCC_C_LANGUAGE_STANDARD = gnu11;
				GCC_NO_COMMON_BLOCKS = YES;
				GCC_WARN_64_TO_32_BIT_CONVERSION = YES;
				GCC_WARN_ABOUT_RETURN_TYPE = YES_ERROR;
				GCC_WARN_UNDECLARED_SELECTOR = YES;
				GCC_WARN_UNINITIALIZED_AUTOS = YES_AGGRESSIVE;
				GCC_WARN_UNUSED_FUNCTION = YES;
				GCC_WARN_UNUSED_VARIABLE = YES;
				IPHONEOS_DEPLOYMENT_TARGET = 15.0;
				MTL_ENABLE_DEBUG_INFO = NO;
				MTL_FAST_MATH = YES;
				SDKROOT = iphoneos;
				SWIFT_COMPILATION_MODE = wholemodule;
				SWIFT_OPTIMIZATION_LEVEL = "-O";
				VALIDATE_PRODUCT = YES;
			};
			name = Release;
		};
		D23E2A1727822CE800FB5133 /* Debug */ = {
			isa = XCBuildConfiguration;
			baseConfigurationReference = 6AE3EBC0CE44E4FA81D0327F /* Pods-Rate.debug.xcconfig */;
			buildSettings = {
				ASSETCATALOG_COMPILER_APPICON_NAME = AppIcon;
				ASSETCATALOG_COMPILER_GLOBAL_ACCENT_COLOR_NAME = AccentColor;
				CODE_SIGN_STYLE = Automatic;
				CURRENT_PROJECT_VERSION = 1;
				DEVELOPMENT_TEAM = UJ8B9FFXUA;
				GENERATE_INFOPLIST_FILE = YES;
				INFOPLIST_FILE = Rate/Info.plist;
				INFOPLIST_KEY_UIApplicationSupportsIndirectInputEvents = YES;
				INFOPLIST_KEY_UILaunchStoryboardName = LaunchScreen;
				INFOPLIST_KEY_UISupportedInterfaceOrientations = UIInterfaceOrientationPortrait;
				INFOPLIST_KEY_UISupportedInterfaceOrientations_iPad = "UIInterfaceOrientationPortrait UIInterfaceOrientationPortraitUpsideDown UIInterfaceOrientationLandscapeLeft UIInterfaceOrientationLandscapeRight";
				INFOPLIST_KEY_UISupportedInterfaceOrientations_iPhone = "UIInterfaceOrientationPortrait UIInterfaceOrientationLandscapeLeft UIInterfaceOrientationLandscapeRight";
				LD_RUNPATH_SEARCH_PATHS = (
					"$(inherited)",
					"@executable_path/Frameworks",
				);
				MARKETING_VERSION = 1.0;
				PRODUCT_BUNDLE_IDENTIFIER = kiko.Rate;
				PRODUCT_NAME = "$(TARGET_NAME)";
				SWIFT_EMIT_LOC_STRINGS = YES;
				SWIFT_VERSION = 5.0;
				TARGETED_DEVICE_FAMILY = "1,2";
			};
			name = Debug;
		};
		D23E2A1827822CE800FB5133 /* Release */ = {
			isa = XCBuildConfiguration;
			baseConfigurationReference = 1D14EF4C665A82C7B999C11A /* Pods-Rate.release.xcconfig */;
			buildSettings = {
				ASSETCATALOG_COMPILER_APPICON_NAME = AppIcon;
				ASSETCATALOG_COMPILER_GLOBAL_ACCENT_COLOR_NAME = AccentColor;
				CODE_SIGN_STYLE = Automatic;
				CURRENT_PROJECT_VERSION = 1;
				DEVELOPMENT_TEAM = UJ8B9FFXUA;
				GENERATE_INFOPLIST_FILE = YES;
				INFOPLIST_FILE = Rate/Info.plist;
				INFOPLIST_KEY_UIApplicationSupportsIndirectInputEvents = YES;
				INFOPLIST_KEY_UILaunchStoryboardName = LaunchScreen;
				INFOPLIST_KEY_UISupportedInterfaceOrientations = UIInterfaceOrientationPortrait;
				INFOPLIST_KEY_UISupportedInterfaceOrientations_iPad = "UIInterfaceOrientationPortrait UIInterfaceOrientationPortraitUpsideDown UIInterfaceOrientationLandscapeLeft UIInterfaceOrientationLandscapeRight";
				INFOPLIST_KEY_UISupportedInterfaceOrientations_iPhone = "UIInterfaceOrientationPortrait UIInterfaceOrientationLandscapeLeft UIInterfaceOrientationLandscapeRight";
				LD_RUNPATH_SEARCH_PATHS = (
					"$(inherited)",
					"@executable_path/Frameworks",
				);
				MARKETING_VERSION = 1.0;
				PRODUCT_BUNDLE_IDENTIFIER = kiko.Rate;
				PRODUCT_NAME = "$(TARGET_NAME)";
				SWIFT_EMIT_LOC_STRINGS = YES;
				SWIFT_VERSION = 5.0;
				TARGETED_DEVICE_FAMILY = "1,2";
			};
			name = Release;
		};
/* End XCBuildConfiguration section */

/* Begin XCConfigurationList section */
		D23E29FD27822CE700FB5133 /* Build configuration list for PBXProject "Rate" */ = {
			isa = XCConfigurationList;
			buildConfigurations = (
				D23E2A1427822CE800FB5133 /* Debug */,
				D23E2A1527822CE800FB5133 /* Release */,
			);
			defaultConfigurationIsVisible = 0;
			defaultConfigurationName = Release;
		};
		D23E2A1627822CE800FB5133 /* Build configuration list for PBXNativeTarget "Rate" */ = {
			isa = XCConfigurationList;
			buildConfigurations = (
				D23E2A1727822CE800FB5133 /* Debug */,
				D23E2A1827822CE800FB5133 /* Release */,
			);
			defaultConfigurationIsVisible = 0;
			defaultConfigurationName = Release;
		};
/* End XCConfigurationList section */
	};
	rootObject = D23E29FA27822CE700FB5133 /* Project object */;
}
